<?xml version="1.0" encoding="utf-8"?>
<Project ToolsVersion="4.0" xmlns="http://schemas.microsoft.com/developer/msbuild/2003">
  <ItemGroup>
    <ClCompile Include="..\Programs\_freeze_module.c" />
    <ClCompile Include="..\PC\config_minimal.c" />
    <ClCompile Include="..\Modules\atexitmodule.c" />
    <ClCompile Include="..\Modules\faulthandler.c" />
    <ClCompile Include="..\Modules\gcmodule.c" />
    <ClCompile Include="..\Modules\getbuildinfo.c" />
    <ClCompile Include="..\Modules\getpath_noop.c" />
    <ClCompile Include="..\Modules\posixmodule.c" />
    <ClCompile Include="..\Modules\signalmodule.c" />
    <ClCompile Include="..\Modules\timemodule.c" />
    <ClCompile Include="..\Modules\_tracemalloc.c" />
    <ClCompile Include="..\Modules\_io\_iomodule.c" />
    <ClCompile Include="..\Modules\_io\bufferedio.c" />
    <ClCompile Include="..\Modules\_io\bytesio.c" />
    <ClCompile Include="..\Modules\_io\fileio.c" />
    <ClCompile Include="..\Modules\_io\iobase.c" />
    <ClCompile Include="..\Modules\_io\stringio.c" />
    <ClCompile Include="..\Modules\_io\textio.c" />
    <ClCompile Include="..\Modules\_io\winconsoleio.c" />
    <ClCompile Include="..\Objects\abstract.c" />
    <ClCompile Include="..\Objects\boolobject.c" />
    <ClCompile Include="..\Objects\bytearrayobject.c" />
    <ClCompile Include="..\Objects\bytes_methods.c" />
    <ClCompile Include="..\Objects\bytesobject.c" />
    <ClCompile Include="..\Objects\call.c" />
    <ClCompile Include="..\Objects\capsule.c" />
    <ClCompile Include="..\Objects\cellobject.c" />
    <ClCompile Include="..\Objects\classobject.c" />
    <ClCompile Include="..\Objects\codeobject.c" />
    <ClCompile Include="..\Objects\complexobject.c" />
    <ClCompile Include="..\Objects\descrobject.c" />
    <ClCompile Include="..\Objects\dictobject.c" />
    <ClCompile Include="..\Objects\enumobject.c" />
    <ClCompile Include="..\Objects\exceptions.c" />
    <ClCompile Include="..\Objects\fileobject.c" />
    <ClCompile Include="..\Objects\floatobject.c" />
    <ClCompile Include="..\Objects\frameobject.c" />
    <ClCompile Include="..\Objects\funcobject.c" />
    <ClCompile Include="..\Objects\genericaliasobject.c" />
    <ClCompile Include="..\Objects\genobject.c" />
    <ClCompile Include="..\Objects\iterobject.c" />
    <ClCompile Include="..\Objects\listobject.c" />
    <ClCompile Include="..\Objects\longobject.c" />
    <ClCompile Include="..\Objects\memoryobject.c" />
    <ClCompile Include="..\Objects\methodobject.c" />
    <ClCompile Include="..\Objects\moduleobject.c" />
    <ClCompile Include="..\Objects\namespaceobject.c" />
    <ClCompile Include="..\Objects\object.c" />
    <ClCompile Include="..\Objects\obmalloc.c" />
    <ClCompile Include="..\Objects\odictobject.c" />
    <ClCompile Include="..\Objects\picklebufobject.c" />
    <ClCompile Include="..\Objects\rangeobject.c" />
    <ClCompile Include="..\Objects\setobject.c" />
    <ClCompile Include="..\Objects\sliceobject.c" />
    <ClCompile Include="..\Objects\structseq.c" />
    <ClCompile Include="..\Objects\tupleobject.c" />
    <ClCompile Include="..\Objects\typeobject.c" />
    <ClCompile Include="..\Objects\typevarobject.c" />
    <ClCompile Include="..\Objects\unicodectype.c" />
    <ClCompile Include="..\Objects\unicodeobject.c" />
    <ClCompile Include="..\Objects\unionobject.c" />
    <ClCompile Include="..\Objects\weakrefobject.c" />
    <ClCompile Include="..\Parser\myreadline.c" />
    <ClCompile Include="..\Parser\parser.c" />
    <ClCompile Include="..\Parser\peg_api.c" />
    <ClCompile Include="..\Parser\pegen.c" />
    <ClCompile Include="..\Parser\pegen_errors.c" />
    <ClCompile Include="..\Parser\action_helpers.c" />
    <ClCompile Include="..\Parser\string_parser.c" />
    <ClCompile Include="..\Parser\token.c" />
    <ClCompile Include="..\Parser\lexer\buffer.c" />
    <ClCompile Include="..\Parser\lexer\state.c" />
    <ClCompile Include="..\Parser\lexer\lexer.c" />
    <ClCompile Include="..\Parser\tokenizer\string_tokenizer.c" />
    <ClCompile Include="..\Parser\tokenizer\file_tokenizer.c" />
    <ClCompile Include="..\Parser\tokenizer\utf8_tokenizer.c" />
    <ClCompile Include="..\Parser\tokenizer\readline_tokenizer.c" />
    <ClCompile Include="..\Parser\tokenizer\helpers.c" />
    <ClCompile Include="..\PC\invalid_parameter_handler.c" />
    <ClCompile Include="..\PC\msvcrtmodule.c" />
    <ClCompile Include="..\PC\winreg.c" />
    <ClCompile Include="..\Python\_warnings.c" />
    <ClCompile Include="..\Python\asdl.c" />
    <ClCompile Include="..\Python\assemble.c" />
    <ClCompile Include="..\Python\ast.c" />
    <ClCompile Include="..\Python\ast_opt.c" />
    <ClCompile Include="..\Python\ast_unparse.c" />
    <ClCompile Include="..\Python\bltinmodule.c" />
    <ClCompile Include="..\Python\brc.c" />
    <ClCompile Include="..\Python\bootstrap_hash.c" />
    <ClCompile Include="..\Python\ceval.c" />
    <ClCompile Include="..\Python\codecs.c" />
    <ClCompile Include="..\Python\compile.c" />
    <ClCompile Include="..\Python\context.c" />
    <ClCompile Include="..\Python\critical_section.c" />
    <ClCompile Include="..\Python\crossinterp.c" />
    <ClCompile Include="..\Python\dtoa.c" />
    <ClCompile Include="..\Python\dynamic_annotations.c" />
    <ClCompile Include="..\Python\dynload_win.c" />
    <ClCompile Include="..\Python\errors.c" />
    <ClCompile Include="..\Python\fileutils.c" />
    <ClCompile Include="..\Python\flowgraph.c" />
    <ClCompile Include="..\Python\formatter_unicode.c" />
    <ClCompile Include="..\Python\frame.c" />
    <ClCompile Include="..\Python\future.c" />
    <ClCompile Include="..\Python\gc.c" />
    <ClCompile Include="..\Python\gc_gil.c" />
    <ClCompile Include="..\Python\gc_free_threading.c" />
    <ClCompile Include="..\Python\getargs.c" />
    <ClCompile Include="..\Python\getcompiler.c" />
    <ClCompile Include="..\Python\getcopyright.c" />
    <ClCompile Include="..\Python\getopt.c" />
    <ClCompile Include="..\Python\getplatform.c" />
    <ClCompile Include="..\Python\getversion.c" />
    <ClCompile Include="..\Python\ceval_gil.c" />
    <ClCompile Include="..\Python\hamt.c" />
    <ClCompile Include="..\Python\hashtable.c" />
    <ClCompile Include="..\Python\import.c" />
    <ClCompile Include="..\Python\importdl.c" />
    <ClCompile Include="..\Python\initconfig.c" />
    <ClCompile Include="..\Python\instruction_sequence.c" />
    <ClCompile Include="..\Python\interpconfig.c" />
    <ClCompile Include="..\Python\intrinsics.c" />
    <ClCompile Include="..\Python\instrumentation.c" />
    <ClCompile Include="..\Python\jit.c" />
    <ClCompile Include="..\Python\legacy_tracing.c" />
    <ClCompile Include="..\Python\lock.c" />
    <ClCompile Include="..\Python\marshal.c" />
    <ClCompile Include="..\Python\modsupport.c" />
    <ClCompile Include="..\Python\mysnprintf.c" />
    <ClCompile Include="..\Python\mystrtoul.c" />
    <ClCompile Include="..\Python\object_stack.c" />
    <ClCompile Include="..\Python\optimizer.c" />
    <ClCompile Include="..\Python\optimizer_analysis.c" />
    <ClCompile Include="..\Python\optimizer_symbols.c" />
    <ClCompile Include="..\Python\parking_lot.c" />
    <ClCompile Include="..\Python\pathconfig.c" />
    <ClCompile Include="..\Python\perf_trampoline.c" />
    <ClCompile Include="..\Python\perf_jit_trampoline.c" />
    <ClCompile Include="..\Python\preconfig.c" />
    <ClCompile Include="..\Python\pyarena.c" />
    <ClCompile Include="..\Python\pyctype.c" />
    <ClCompile Include="..\Python\pyfpe.c" />
    <ClCompile Include="..\Python\pyhash.c" />
    <ClCompile Include="..\Python\pylifecycle.c" />
    <ClCompile Include="..\Python\pymath.c" />
    <ClCompile Include="..\Python\pystate.c" />
    <ClCompile Include="..\Python\pystrcmp.c" />
    <ClCompile Include="..\Python\pystrhex.c" />
    <ClCompile Include="..\Python\pystrtod.c" />
    <ClCompile Include="..\Python\Python-ast.c" />
    <ClCompile Include="..\Python\pythonrun.c" />
    <ClCompile Include="..\Python\Python-tokenize.c" />
    <ClCompile Include="..\Python\pytime.c" />
    <ClCompile Include="..\Python\qsbr.c" />
    <ClCompile Include="..\Python\specialize.c" />
    <ClCompile Include="..\Python\structmember.c" />
    <ClCompile Include="..\Python\suggestions.c" />
    <ClCompile Include="..\Python\symtable.c" />
    <ClCompile Include="..\Python\sysmodule.c" />
    <ClCompile Include="..\Python\thread.c" />
    <ClCompile Include="..\Python\traceback.c" />
    <ClCompile Include="..\Python\tracemalloc.c" />
  </ItemGroup>
  <ItemGroup>
    <ClInclude Include="..\PC\pyconfig.h.in" />
  </ItemGroup>
  <ItemGroup>
    <None Include="..\Lib\importlib\_bootstrap.py" />
    <None Include="..\Lib\importlib\_bootstrap_external.py" />
    <None Include="..\Lib\zipimport.py" />
    <None Include="..\Lib\abc.py" />
    <None Include="..\Lib\codecs.py" />
    <None Include="..\Lib\io.py" />
    <None Include="..\Lib\_collections_abc.py" />
    <None Include="..\Lib\_sitebuiltins.py" />
    <None Include="..\Lib\genericpath.py" />
    <None Include="..\Lib\ntpath.py" />
    <None Include="..\Lib\posixpath.py" />
    <None Include="..\Lib\os.py" />
    <None Include="..\Lib\site.py" />
    <None Include="..\Lib\stat.py" />
    <None Include="..\Lib\importlib\util.py" />
    <None Include="..\Lib\importlib\machinery.py" />
    <None Include="..\Lib\runpy.py" />
    <None Include="..\Lib\__hello__.py" />
    <None Include="..\Lib\__phello__\__init__.py" />
    <None Include="..\Lib\__phello__\ham\__init__.py" />
    <None Include="..\Lib\__phello__\ham\eggs.py" />
    <None Include="..\Lib\__phello__\spam.py" />
    <None Include="..\Tools\freeze\flag.py" />
  </ItemGroup>
</Project>